
Microsoft Visual Studio Solution File, Format Version 12.00
# Visual Studio Version 17
VisualStudioVersion = 17.5.002.0
MinimumVisualStudioVersion = 10.0.40219.1
Project("{2150E333-8FDC-42A3-9474-1A3956D46DE8}") = "src", "src", "{F2485930-9298-4C13-BD18-15B1F440B902}"
EndProject
Project("{9A19103F-16F7-4668-BE54-9A1E7A4F7556}") = "console_client", "src\console_client\console_client.csproj", "{9A097F2B-E601-43ED-8B4B-5247A73D4646}"
EndProject
Project("{9A19103F-16F7-4668-BE54-9A1E7A4F7556}") = "Lion_and_mouse", "src\opengl_game\Lion_and_mouse.csproj", "{1F270C2E-6253-4D72-87A9-852F9E26E05A}"
EndProject
Project("{9A19103F-16F7-4668-BE54-9A1E7A4F7556}") = "lion_and_mouse_game", "src\game_logic\lion_and_mouse_game.csproj", "{AE0797A4-617F-47ED-A8F8-1AB2E555B5E5}"
EndProject
Project("{9A19103F-16F7-4668-BE54-9A1E7A4F7556}") = "centralised_game_api", "src\centralised_game_api\centralised_game_api.csproj", "{9D1DF4DE-F8A0-4A76-8B5C-0B0D02273249}"
EndProject
Global
	GlobalSection(SolutionConfigurationPlatforms) = preSolution
		Debug|Any CPU = Debug|Any CPU
		Release|Any CPU = Release|Any CPU
	EndGlobalSection
	GlobalSection(ProjectConfigurationPlatforms) = postSolution
		{9A097F2B-E601-43ED-8B4B-5247A73D4646}.Debug|Any CPU.ActiveCfg = Debug|Any CPU
		{9A097F2B-E601-43ED-8B4B-5247A73D4646}.Debug|Any CPU.Build.0 = Debug|Any CPU
		{9A097F2B-E601-43ED-8B4B-5247A73D4646}.Release|Any CPU.ActiveCfg = Release|Any CPU
		{9A097F2B-E601-43ED-8B4B-5247A73D4646}.Release|Any CPU.Build.0 = Release|Any CPU
		{1F270C2E-6253-4D72-87A9-852F9E26E05A}.Debug|Any CPU.ActiveCfg = Debug|Any CPU
		{1F270C2E-6253-4D72-87A9-852F9E26E05A}.Debug|Any CPU.Build.0 = Debug|Any CPU
		{1F270C2E-6253-4D72-87A9-852F9E26E05A}.Release|Any CPU.ActiveCfg = Release|Any CPU
		{1F270C2E-6253-4D72-87A9-852F9E26E05A}.Release|Any CPU.Build.0 = Release|Any CPU
		{AE0797A4-617F-47ED-A8F8-1AB2E555B5E5}.Debug|Any CPU.ActiveCfg = Debug|Any CPU
		{AE0797A4-617F-47ED-A8F8-1AB2E555B5E5}.Debug|Any CPU.Build.0 = Debug|Any CPU
		{AE0797A4-617F-47ED-A8F8-1AB2E555B5E5}.Release|Any CPU.ActiveCfg = Release|Any CPU
		{AE0797A4-617F-47ED-A8F8-1AB2E555B5E5}.Release|Any CPU.Build.0 = Release|Any CPU
		{9D1DF4DE-F8A0-4A76-8B5C-0B0D02273249}.Debug|Any CPU.ActiveCfg = Debug|Any CPU
		{9D1DF4DE-F8A0-4A76-8B5C-0B0D02273249}.Debug|Any CPU.Build.0 = Debug|Any CPU
		{9D1DF4DE-F8A0-4A76-8B5C-0B0D02273249}.Release|Any CPU.ActiveCfg = Release|Any CPU
		{9D1DF4DE-F8A0-4A76-8B5C-0B0D02273249}.Release|Any CPU.Build.0 = Release|Any CPU
	EndGlobalSection
	GlobalSection(SolutionProperties) = preSolution
		HideSolutionNode = FALSE
	EndGlobalSection
	GlobalSection(NestedProjects) = preSolution
		{9A097F2B-E601-43ED-8B4B-5247A73D4646} = {F2485930-9298-4C13-BD18-15B1F440B902}
		{1F270C2E-6253-4D72-87A9-852F9E26E05A} = {F2485930-9298-4C13-BD18-15B1F440B902}
		{AE0797A4-617F-47ED-A8F8-1AB2E555B5E5} = {F2485930-9298-4C13-BD18-15B1F440B902}
		{9D1DF4DE-F8A0-4A76-8B5C-0B0D02273249} = {F2485930-9298-4C13-BD18-15B1F440B902}
	EndGlobalSection
	GlobalSection(ExtensibilityGlobals) = postSolution
		SolutionGuid = {EADDA707-53A2-40FB-A83C-AD256901B419}
	EndGlobalSection
EndGlobal
